
Microsoft Visual Studio Solution File, Format Version 12.00
# Visual Studio Version 16
VisualStudioVersion = 16.0.29709.97
MinimumVisualStudioVersion = 10.0.40219.1
Project("{FAE04EC0-301F-11D3-BF4B-00C04F79EFBC}") = "VetoshkinAutoservice", "VetoshkinAutoservice\VetoshkinAutoservice.csproj", "{92977022-7C5C-42CF-B726-73C2B9CA9D18}"
EndProject
Global
	GlobalSection(SolutionConfigurationPlatforms) = preSolution
		Debug|Any CPU = Debug|Any CPU
		Release|Any CPU = Release|Any CPU
	EndGlobalSection
	GlobalSection(ProjectConfigurationPlatforms) = postSolution
		{92977022-7C5C-42CF-B726-73C2B9CA9D18}.Debug|Any CPU.ActiveCfg = Debug|Any CPU
		{92977022-7C5C-42CF-B726-73C2B9CA9D18}.Debug|Any CPU.Build.0 = Debug|Any CPU
		{92977022-7C5C-42CF-B726-73C2B9CA9D18}.Release|Any CPU.ActiveCfg = Release|Any CPU
		{92977022-7C5C-42CF-B726-73C2B9CA9D18}.Release|Any CPU.Build.0 = Release|Any CPU
	EndGlobalSection
	GlobalSection(SolutionProperties) = preSolution
		HideSolutionNode = FALSE
	EndGlobalSection
	GlobalSection(ExtensibilityGlobals) = postSolution
		SolutionGuid = {30E7DE6E-A2F0-4FFB-8DB7-D82D4C66B246}
	EndGlobalSection
EndGlobal
